// !$*UTF8*$!
{
	archiveVersion = 1;
	classes = {
	};
	objectVersion = 50;
	objects = {

/* Begin PBXBuildFile section */
		A10EFBFD26FE38F500A2072A /* BasicTableViewCell.swift in Sources */ = {isa = PBXBuildFile; fileRef = A10EFBFB26FE38F500A2072A /* BasicTableViewCell.swift */; };
		A10EFBFE26FE38F500A2072A /* BasicTableViewCell.xib in Resources */ = {isa = PBXBuildFile; fileRef = A10EFBFC26FE38F500A2072A /* BasicTableViewCell.xib */; };
		A10EFC0126FE5DEA00A2072A /* TableViewHeaderView.swift in Sources */ = {isa = PBXBuildFile; fileRef = A10EFC0026FE5DEA00A2072A /* TableViewHeaderView.swift */; };
		A10EFC0326FE5E2E00A2072A /* TableViewHeaderView.xib in Resources */ = {isa = PBXBuildFile; fileRef = A10EFC0226FE5E2E00A2072A /* TableViewHeaderView.xib */; };
		A10EFC0626FE66CD00A2072A /* CVViewController.swift in Sources */ = {isa = PBXBuildFile; fileRef = A10EFC0526FE66CD00A2072A /* CVViewController.swift */; };
		A14BFB5526F9010600475090 /* AppDelegate.swift in Sources */ = {isa = PBXBuildFile; fileRef = A14BFB5426F9010600475090 /* AppDelegate.swift */; };
		A14BFB5726F9010600475090 /* SceneDelegate.swift in Sources */ = {isa = PBXBuildFile; fileRef = A14BFB5626F9010600475090 /* SceneDelegate.swift */; };
		A14BFB5926F9010600475090 /* MainViewController.swift in Sources */ = {isa = PBXBuildFile; fileRef = A14BFB5826F9010600475090 /* MainViewController.swift */; };
		A14BFB5C26F9010600475090 /* Main.storyboard in Resources */ = {isa = PBXBuildFile; fileRef = A14BFB5A26F9010600475090 /* Main.storyboard */; };
		A14BFB5E26F9010700475090 /* Assets.xcassets in Resources */ = {isa = PBXBuildFile; fileRef = A14BFB5D26F9010700475090 /* Assets.xcassets */; };
		A14BFB6126F9010700475090 /* LaunchScreen.storyboard in Resources */ = {isa = PBXBuildFile; fileRef = A14BFB5F26F9010700475090 /* LaunchScreen.storyboard */; };
		A14BFB6A26F9053400475090 /* Constants.swift in Sources */ = {isa = PBXBuildFile; fileRef = A14BFB6926F9053400475090 /* Constants.swift */; };
		A14BFB6C26F905A700475090 /* DebugMenu.storyboard in Resources */ = {isa = PBXBuildFile; fileRef = A14BFB6B26F905A700475090 /* DebugMenu.storyboard */; };
		A14BFB6E26F905BF00475090 /* DebugViewController.swift in Sources */ = {isa = PBXBuildFile; fileRef = A14BFB6D26F905BF00475090 /* DebugViewController.swift */; };
		A14BFB7626F9099800475090 /* CollectionsViewController.swift in Sources */ = {isa = PBXBuildFile; fileRef = A14BFB7526F9099800475090 /* CollectionsViewController.swift */; };
		A14BFB7826F909A700475090 /* Collection.storyboard in Resources */ = {isa = PBXBuildFile; fileRef = A14BFB7726F909A700475090 /* Collection.storyboard */; };
		A1685A2F26FF21B400F7FB23 /* CollectionViewCustomLayout.swift in Sources */ = {isa = PBXBuildFile; fileRef = A1685A2E26FF21B400F7FB23 /* CollectionViewCustomLayout.swift */; };
/* End PBXBuildFile section */

/* Begin PBXFileReference section */
		A10EFBFB26FE38F500A2072A /* BasicTableViewCell.swift */ = {isa = PBXFileReference; lastKnownFileType = sourcecode.swift; path = BasicTableViewCell.swift; sourceTree = "<group>"; };
		A10EFBFC26FE38F500A2072A /* BasicTableViewCell.xib */ = {isa = PBXFileReference; lastKnownFileType = file.xib; path = BasicTableViewCell.xib; sourceTree = "<group>"; };
		A10EFC0026FE5DEA00A2072A /* TableViewHeaderView.swift */ = {isa = PBXFileReference; lastKnownFileType = sourcecode.swift; path = TableViewHeaderView.swift; sourceTree = "<group>"; };
		A10EFC0226FE5E2E00A2072A /* TableViewHeaderView.xib */ = {isa = PBXFileReference; lastKnownFileType = file.xib; path = TableViewHeaderView.xib; sourceTree = "<group>"; };
		A10EFC0526FE66CD00A2072A /* CVViewController.swift */ = {isa = PBXFileReference; lastKnownFileType = sourcecode.swift; path = CVViewController.swift; sourceTree = "<group>"; };
		A14BFB5126F9010600475090 /* HomeworkFive.app */ = {isa = PBXFileReference; explicitFileType = wrapper.application; includeInIndex = 0; path = HomeworkFive.app; sourceTree = BUILT_PRODUCTS_DIR; };
		A14BFB5426F9010600475090 /* AppDelegate.swift */ = {isa = PBXFileReference; lastKnownFileType = sourcecode.swift; path = AppDelegate.swift; sourceTree = "<group>"; };
		A14BFB5626F9010600475090 /* SceneDelegate.swift */ = {isa = PBXFileReference; lastKnownFileType = sourcecode.swift; path = SceneDelegate.swift; sourceTree = "<group>"; };
		A14BFB5826F9010600475090 /* MainViewController.swift */ = {isa = PBXFileReference; lastKnownFileType = sourcecode.swift; path = MainViewController.swift; sourceTree = "<group>"; };
		A14BFB5B26F9010600475090 /* Base */ = {isa = PBXFileReference; lastKnownFileType = file.storyboard; name = Base; path = Base.lproj/Main.storyboard; sourceTree = "<group>"; };
		A14BFB5D26F9010700475090 /* Assets.xcassets */ = {isa = PBXFileReference; lastKnownFileType = folder.assetcatalog; path = Assets.xcassets; sourceTree = "<group>"; };
		A14BFB6026F9010700475090 /* Base */ = {isa = PBXFileReference; lastKnownFileType = file.storyboard; name = Base; path = Base.lproj/LaunchScreen.storyboard; sourceTree = "<group>"; };
		A14BFB6226F9010700475090 /* Info.plist */ = {isa = PBXFileReference; lastKnownFileType = text.plist.xml; path = Info.plist; sourceTree = "<group>"; };
		A14BFB6926F9053400475090 /* Constants.swift */ = {isa = PBXFileReference; lastKnownFileType = sourcecode.swift; path = Constants.swift; sourceTree = "<group>"; };
		A14BFB6B26F905A700475090 /* DebugMenu.storyboard */ = {isa = PBXFileReference; lastKnownFileType = file.storyboard; path = DebugMenu.storyboard; sourceTree = "<group>"; };
		A14BFB6D26F905BF00475090 /* DebugViewController.swift */ = {isa = PBXFileReference; lastKnownFileType = sourcecode.swift; path = DebugViewController.swift; sourceTree = "<group>"; };
		A14BFB7526F9099800475090 /* CollectionsViewController.swift */ = {isa = PBXFileReference; lastKnownFileType = sourcecode.swift; path = CollectionsViewController.swift; sourceTree = "<group>"; };
		A14BFB7726F909A700475090 /* Collection.storyboard */ = {isa = PBXFileReference; lastKnownFileType = file.storyboard; path = Collection.storyboard; sourceTree = "<group>"; };
		A1685A2E26FF21B400F7FB23 /* CollectionViewCustomLayout.swift */ = {isa = PBXFileReference; lastKnownFileType = sourcecode.swift; path = CollectionViewCustomLayout.swift; sourceTree = "<group>"; };
/* End PBXFileReference section */

/* Begin PBXFrameworksBuildPhase section */
		A14BFB4E26F9010600475090 /* Frameworks */ = {
			isa = PBXFrameworksBuildPhase;
			buildActionMask = 2147483647;
			files = (
			);
			runOnlyForDeploymentPostprocessing = 0;
		};
/* End PBXFrameworksBuildPhase section */

/* Begin PBXGroup section */
		A10EFBFF26FE38FE00A2072A /* Basic */ = {
			isa = PBXGroup;
			children = (
				A10EFBFC26FE38F500A2072A /* BasicTableViewCell.xib */,
				A10EFBFB26FE38F500A2072A /* BasicTableViewCell.swift */,
			);
			path = Basic;
			sourceTree = "<group>";
		};
		A10EFC0426FE5E3700A2072A /* Header */ = {
			isa = PBXGroup;
			children = (
				A10EFC0226FE5E2E00A2072A /* TableViewHeaderView.xib */,
				A10EFC0026FE5DEA00A2072A /* TableViewHeaderView.swift */,
			);
			path = Header;
			sourceTree = "<group>";
		};
		A14BFB4826F9010600475090 = {
			isa = PBXGroup;
			children = (
				A14BFB5326F9010600475090 /* HomeworkFive */,
				A14BFB5226F9010600475090 /* Products */,
			);
			sourceTree = "<group>";
		};
		A14BFB5226F9010600475090 /* Products */ = {
			isa = PBXGroup;
			children = (
				A14BFB5126F9010600475090 /* HomeworkFive.app */,
			);
			name = Products;
			sourceTree = "<group>";
		};
		A14BFB5326F9010600475090 /* HomeworkFive */ = {
			isa = PBXGroup;
			children = (
				A14BFB5426F9010600475090 /* AppDelegate.swift */,
				A14BFB5626F9010600475090 /* SceneDelegate.swift */,
				A14BFB6926F9053400475090 /* Constants.swift */,
				A14BFB6826F9012400475090 /* Main */,
				A14BFB6F26F905C800475090 /* Debug */,
				A14BFB5D26F9010700475090 /* Assets.xcassets */,
				A14BFB5F26F9010700475090 /* LaunchScreen.storyboard */,
				A14BFB6226F9010700475090 /* Info.plist */,
				A14BFB7926F909B000475090 /* TabAndCollection */,
				A10EFBFF26FE38FE00A2072A /* Basic */,
				A10EFC0426FE5E3700A2072A /* Header */,
				A1685A2E26FF21B400F7FB23 /* CollectionViewCustomLayout.swift */,
			);
			path = HomeworkFive;
			sourceTree = "<group>";
		};
		A14BFB6826F9012400475090 /* Main */ = {
			isa = PBXGroup;
			children = (
				A14BFB5826F9010600475090 /* MainViewController.swift */,
				A14BFB5A26F9010600475090 /* Main.storyboard */,
			);
			path = Main;
			sourceTree = "<group>";
		};
		A14BFB6F26F905C800475090 /* Debug */ = {
			isa = PBXGroup;
			children = (
				A14BFB6B26F905A700475090 /* DebugMenu.storyboard */,
				A14BFB6D26F905BF00475090 /* DebugViewController.swift */,
			);
			path = Debug;
			sourceTree = "<group>";
		};
		A14BFB7926F909B000475090 /* TabAndCollection */ = {
			isa = PBXGroup;
			children = (
				A14BFB7726F909A700475090 /* Collection.storyboard */,
				A14BFB7526F9099800475090 /* CollectionsViewController.swift */,
				A10EFC0526FE66CD00A2072A /* CVViewController.swift */,
			);
			path = TabAndCollection;
			sourceTree = "<group>";
		};
/* End PBXGroup section */

/* Begin PBXNativeTarget section */
		A14BFB5026F9010600475090 /* HomeworkFive */ = {
			isa = PBXNativeTarget;
			buildConfigurationList = A14BFB6526F9010700475090 /* Build configuration list for PBXNativeTarget "HomeworkFive" */;
			buildPhases = (
				A14BFB4D26F9010600475090 /* Sources */,
				A14BFB4E26F9010600475090 /* Frameworks */,
				A14BFB4F26F9010600475090 /* Resources */,
			);
			buildRules = (
			);
			dependencies = (
			);
			name = HomeworkFive;
			productName = HomeworkFive;
			productReference = A14BFB5126F9010600475090 /* HomeworkFive.app */;
			productType = "com.apple.product-type.application";
		};
/* End PBXNativeTarget section */

/* Begin PBXProject section */
		A14BFB4926F9010600475090 /* Project object */ = {
			isa = PBXProject;
			attributes = {
				LastSwiftUpdateCheck = 1250;
				LastUpgradeCheck = 1250;
				TargetAttributes = {
					A14BFB5026F9010600475090 = {
						CreatedOnToolsVersion = 12.5.1;
					};
				};
			};
			buildConfigurationList = A14BFB4C26F9010600475090 /* Build configuration list for PBXProject "HomeworkFive" */;
			compatibilityVersion = "Xcode 9.3";
			developmentRegion = en;
			hasScannedForEncodings = 0;
			knownRegions = (
				en,
				Base,
			);
			mainGroup = A14BFB4826F9010600475090;
			productRefGroup = A14BFB5226F9010600475090 /* Products */;
			projectDirPath = "";
			projectRoot = "";
			targets = (
				A14BFB5026F9010600475090 /* HomeworkFive */,
			);
		};
/* End PBXProject section */

/* Begin PBXResourcesBuildPhase section */
		A14BFB4F26F9010600475090 /* Resources */ = {
			isa = PBXResourcesBuildPhase;
			buildActionMask = 2147483647;
			files = (
				A10EFBFE26FE38F500A2072A /* BasicTableViewCell.xib in Resources */,
				A14BFB6126F9010700475090 /* LaunchScreen.storyboard in Resources */,
				A10EFC0326FE5E2E00A2072A /* TableViewHeaderView.xib in Resources */,
				A14BFB5E26F9010700475090 /* Assets.xcassets in Resources */,
				A14BFB5C26F9010600475090 /* Main.storyboard in Resources */,
				A14BFB6C26F905A700475090 /* DebugMenu.storyboard in Resources */,
				A14BFB7826F909A700475090 /* Collection.storyboard in Resources */,
			);
			runOnlyForDeploymentPostprocessing = 0;
		};
/* End PBXResourcesBuildPhase section */

/* Begin PBXSourcesBuildPhase section */
		A14BFB4D26F9010600475090 /* Sources */ = {
			isa = PBXSourcesBuildPhase;
			buildActionMask = 2147483647;
			files = (
				A14BFB7626F9099800475090 /* CollectionsViewController.swift in Sources */,
				A10EFC0626FE66CD00A2072A /* CVViewController.swift in Sources */,
				A14BFB5926F9010600475090 /* MainViewController.swift in Sources */,
				A14BFB5526F9010600475090 /* AppDelegate.swift in Sources */,
				A10EFC0126FE5DEA00A2072A /* TableViewHeaderView.swift in Sources */,
				A14BFB5726F9010600475090 /* SceneDelegate.swift in Sources */,
				A14BFB6A26F9053400475090 /* Constants.swift in Sources */,
				A14BFB6E26F905BF00475090 /* DebugViewController.swift in Sources */,
				A1685A2F26FF21B400F7FB23 /* CollectionViewCustomLayout.swift in Sources */,
				A10EFBFD26FE38F500A2072A /* BasicTableViewCell.swift in Sources */,
			);
			runOnlyForDeploymentPostprocessing = 0;
		};
/* End PBXSourcesBuildPhase section */

/* Begin PBXVariantGroup section */
		A14BFB5A26F9010600475090 /* Main.storyboard */ = {
			isa = PBXVariantGroup;
			children = (
				A14BFB5B26F9010600475090 /* Base */,
			);
			name = Main.storyboard;
			sourceTree = "<group>";
		};
		A14BFB5F26F9010700475090 /* LaunchScreen.storyboard */ = {
			isa = PBXVariantGroup;
			children = (
				A14BFB6026F9010700475090 /* Base */,
			);
			name = LaunchScreen.storyboard;
			sourceTree = "<group>";
		};
/* End PBXVariantGroup section */

/* Begin XCBuildConfiguration section */
		A14BFB6326F9010700475090 /* Debug */ = {
			isa = XCBuildConfiguration;
			buildSettings = {
				ALWAYS_SEARCH_USER_PATHS = NO;
				CLANG_ANALYZER_NONNULL = YES;
				CLANG_ANALYZER_NUMBER_OBJECT_CONVERSION = YES_AGGRESSIVE;
				CLANG_CXX_LANGUAGE_STANDARD = "gnu++14";
				CLANG_CXX_LIBRARY = "libc++";
				CLANG_ENABLE_MODULES = YES;
				CLANG_ENABLE_OBJC_ARC = YES;
				CLANG_ENABLE_OBJC_WEAK = YES;
				CLANG_WARN_BLOCK_CAPTURE_AUTORELEASING = YES;
				CLANG_WARN_BOOL_CONVERSION = YES;
				CLANG_WARN_COMMA = YES;
				CLANG_WARN_CONSTANT_CONVERSION = YES;
				CLANG_WARN_DEPRECATED_OBJC_IMPLEMENTATIONS = YES;
				CLANG_WARN_DIRECT_OBJC_ISA_USAGE = YES_ERROR;
				CLANG_WARN_DOCUMENTATION_COMMENTS = YES;
				CLANG_WARN_EMPTY_BODY = YES;
				CLANG_WARN_ENUM_CONVERSION = YES;
				CLANG_WARN_INFINITE_RECURSION = YES;
				CLANG_WARN_INT_CONVERSION = YES;
				CLANG_WARN_NON_LITERAL_NULL_CONVERSION = YES;
				CLANG_WARN_OBJC_IMPLICIT_RETAIN_SELF = YES;
				CLANG_WARN_OBJC_LITERAL_CONVERSION = YES;
				CLANG_WARN_OBJC_ROOT_CLASS = YES_ERROR;
				CLANG_WARN_QUOTED_INCLUDE_IN_FRAMEWORK_HEADER = YES;
				CLANG_WARN_RANGE_LOOP_ANALYSIS = YES;
				CLANG_WARN_STRICT_PROTOTYPES = YES;
				CLANG_WARN_SUSPICIOUS_MOVE = YES;
				CLANG_WARN_UNGUARDED_AVAILABILITY = YES_AGGRESSIVE;
				CLANG_WARN_UNREACHABLE_CODE = YES;
				CLANG_WARN__DUPLICATE_METHOD_MATCH = YES;
				COPY_PHASE_STRIP = NO;
				DEBUG_INFORMATION_FORMAT = dwarf;
				ENABLE_STRICT_OBJC_MSGSEND = YES;
				ENABLE_TESTABILITY = YES;
				GCC_C_LANGUAGE_STANDARD = gnu11;
				GCC_DYNAMIC_NO_PIC = NO;
				GCC_NO_COMMON_BLOCKS = YES;
				GCC_OPTIMIZATION_LEVEL = 0;
				GCC_PREPROCESSOR_DEFINITIONS = (
					"DEBUG=1",
					"$(inherited)",
				);
				GCC_WARN_64_TO_32_BIT_CONVERSION = YES;
				GCC_WARN_ABOUT_RETURN_TYPE = YES_ERROR;
				GCC_WARN_UNDECLARED_SELECTOR = YES;
				GCC_WARN_UNINITIALIZED_AUTOS = YES_AGGRESSIVE;
				GCC_WARN_UNUSED_FUNCTION = YES;
				GCC_WARN_UNUSED_VARIABLE = YES;
				IPHONEOS_DEPLOYMENT_TARGET = 14.5;
				MTL_ENABLE_DEBUG_INFO = INCLUDE_SOURCE;
				MTL_FAST_MATH = YES;
				ONLY_ACTIVE_ARCH = YES;
				SDKROOT = iphoneos;
				SWIFT_ACTIVE_COMPILATION_CONDITIONS = DEBUG;
				SWIFT_OPTIMIZATION_LEVEL = "-Onone";
			};
			name = Debug;
		};
		A14BFB6426F9010700475090 /* Release */ = {
			isa = XCBuildConfiguration;
			buildSettings = {
				ALWAYS_SEARCH_USER_PATHS = NO;
				CLANG_ANALYZER_NONNULL = YES;
				CLANG_ANALYZER_NUMBER_OBJECT_CONVERSION = YES_AGGRESSIVE;
				CLANG_CXX_LANGUAGE_STANDARD = "gnu++14";
				CLANG_CXX_LIBRARY = "libc++";
				CLANG_ENABLE_MODULES = YES;
				CLANG_ENABLE_OBJC_ARC = YES;
				CLANG_ENABLE_OBJC_WEAK = YES;
				CLANG_WARN_BLOCK_CAPTURE_AUTORELEASING = YES;
				CLANG_WARN_BOOL_CONVERSION = YES;
				CLANG_WARN_COMMA = YES;
				CLANG_WARN_CONSTANT_CONVERSION = YES;
				CLANG_WARN_DEPRECATED_OBJC_IMPLEMENTATIONS = YES;
				CLANG_WARN_DIRECT_OBJC_ISA_USAGE = YES_ERROR;
				CLANG_WARN_DOCUMENTATION_COMMENTS = YES;
				CLANG_WARN_EMPTY_BODY = YES;
				CLANG_WARN_ENUM_CONVERSION = YES;
				CLANG_WARN_INFINITE_RECURSION = YES;
				CLANG_WARN_INT_CONVERSION = YES;
				CLANG_WARN_NON_LITERAL_NULL_CONVERSION = YES;
				CLANG_WARN_OBJC_IMPLICIT_RETAIN_SELF = YES;
				CLANG_WARN_OBJC_LITERAL_CONVERSION = YES;
				CLANG_WARN_OBJC_ROOT_CLASS = YES_ERROR;
				CLANG_WARN_QUOTED_INCLUDE_IN_FRAMEWORK_HEADER = YES;
				CLANG_WARN_RANGE_LOOP_ANALYSIS = YES;
				CLANG_WARN_STRICT_PROTOTYPES = YES;
				CLANG_WARN_SUSPICIOUS_MOVE = YES;
				CLANG_WARN_UNGUARDED_AVAILABILITY = YES_AGGRESSIVE;
				CLANG_WARN_UNREACHABLE_CODE = YES;
				CLANG_WARN__DUPLICATE_METHOD_MATCH = YES;
				COPY_PHASE_STRIP = NO;
				DEBUG_INFORMATION_FORMAT = "dwarf-with-dsym";
				ENABLE_NS_ASSERTIONS = NO;
				ENABLE_STRICT_OBJC_MSGSEND = YES;
				GCC_C_LANGUAGE_STANDARD = gnu11;
				GCC_NO_COMMON_BLOCKS = YES;
				GCC_WARN_64_TO_32_BIT_CONVERSION = YES;
				GCC_WARN_ABOUT_RETURN_TYPE = YES_ERROR;
				GCC_WARN_UNDECLARED_SELECTOR = YES;
				GCC_WARN_UNINITIALIZED_AUTOS = YES_AGGRESSIVE;
				GCC_WARN_UNUSED_FUNCTION = YES;
				GCC_WARN_UNUSED_VARIABLE = YES;
				IPHONEOS_DEPLOYMENT_TARGET = 14.5;
				MTL_ENABLE_DEBUG_INFO = NO;
				MTL_FAST_MATH = YES;
				SDKROOT = iphoneos;
				SWIFT_COMPILATION_MODE = wholemodule;
				SWIFT_OPTIMIZATION_LEVEL = "-O";
				VALIDATE_PRODUCT = YES;
			};
			name = Release;
		};
		A14BFB6626F9010700475090 /* Debug */ = {
			isa = XCBuildConfiguration;
			buildSettings = {
				ASSETCATALOG_COMPILER_APPICON_NAME = AppIcon;
				ASSETCATALOG_COMPILER_GLOBAL_ACCENT_COLOR_NAME = AccentColor;
				CODE_SIGN_STYLE = Automatic;
				INFOPLIST_FILE = HomeworkFive/Info.plist;
				LD_RUNPATH_SEARCH_PATHS = (
					"$(inherited)",
					"@executable_path/Frameworks",
				);
				PRODUCT_BUNDLE_IDENTIFIER = com.Lesson.HomeworkFive;
				PRODUCT_NAME = "$(TARGET_NAME)";
				SWIFT_VERSION = 5.0;
				TARGETED_DEVICE_FAMILY = "1,2";
			};
			name = Debug;
		};
		A14BFB6726F9010700475090 /* Release */ = {
			isa = XCBuildConfiguration;
			buildSettings = {
				ASSETCATALOG_COMPILER_APPICON_NAME = AppIcon;
				ASSETCATALOG_COMPILER_GLOBAL_ACCENT_COLOR_NAME = AccentColor;
				CODE_SIGN_STYLE = Automatic;
				INFOPLIST_FILE = HomeworkFive/Info.plist;
				LD_RUNPATH_SEARCH_PATHS = (
					"$(inherited)",
					"@executable_path/Frameworks",
				);
				PRODUCT_BUNDLE_IDENTIFIER = com.Lesson.HomeworkFive;
				PRODUCT_NAME = "$(TARGET_NAME)";
				SWIFT_VERSION = 5.0;
				TARGETED_DEVICE_FAMILY = "1,2";
			};
			name = Release;
		};
/* End XCBuildConfiguration section */

/* Begin XCConfigurationList section */
		A14BFB4C26F9010600475090 /* Build configuration list for PBXProject "HomeworkFive" */ = {
			isa = XCConfigurationList;
			buildConfigurations = (
				A14BFB6326F9010700475090 /* Debug */,
				A14BFB6426F9010700475090 /* Release */,
			);
			defaultConfigurationIsVisible = 0;
			defaultConfigurationName = Release;
		};
		A14BFB6526F9010700475090 /* Build configuration list for PBXNativeTarget "HomeworkFive" */ = {
			isa = XCConfigurationList;
			buildConfigurations = (
				A14BFB6626F9010700475090 /* Debug */,
				A14BFB6726F9010700475090 /* Release */,
			);
			defaultConfigurationIsVisible = 0;
			defaultConfigurationName = Release;
		};
/* End XCConfigurationList section */
	};
	rootObject = A14BFB4926F9010600475090 /* Project object */;
}
